
Microsoft Visual Studio Solution File, Format Version 12.00
# Visual Studio Version 16
VisualStudioVersion = 16.0.31205.134
MinimumVisualStudioVersion = 10.0.40219.1
Project("{FAE04EC0-301F-11D3-BF4B-00C04F79EFBC}") = "FuelAnalyzer", "FuelAnalyzer.csproj", "{0DAE3C93-D858-4A50-AC9A-42F7F9E16053}"
EndProject
Global
	GlobalSection(SolutionConfigurationPlatforms) = preSolution
		Debug|Any CPU = Debug|Any CPU
		Release|Any CPU = Release|Any CPU
	EndGlobalSection
	GlobalSection(ProjectConfigurationPlatforms) = postSolution
		{0DAE3C93-D858-4A50-AC9A-42F7F9E16053}.Debug|Any CPU.ActiveCfg = Debug|Any CPU
		{0DAE3C93-D858-4A50-AC9A-42F7F9E16053}.Debug|Any CPU.Build.0 = Debug|Any CPU
		{0DAE3C93-D858-4A50-AC9A-42F7F9E16053}.Release|Any CPU.ActiveCfg = Release|Any CPU
		{0DAE3C93-D858-4A50-AC9A-42F7F9E16053}.Release|Any CPU.Build.0 = Release|Any CPU
	EndGlobalSection
	GlobalSection(SolutionProperties) = preSolution
		HideSolutionNode = FALSE
	EndGlobalSection
	GlobalSection(ExtensibilityGlobals) = postSolution
		SolutionGuid = {CEE829C4-B7CB-4AFF-AC17-61F4DE3F5D3F}
	EndGlobalSection
EndGlobal
